// !$*UTF8*$!
{
	archiveVersion = 1;
	classes = {
	};
	objectVersion = 56;
	objects = {

/* Begin PBXBuildFile section */
		9E07BD5D29D3CE5300AE76F9 /* MarvelApp.swift in Sources */ = {isa = PBXBuildFile; fileRef = 9E07BD5C29D3CE5300AE76F9 /* MarvelApp.swift */; };
		9E07BD5F29D3CE5300AE76F9 /* ContentView.swift in Sources */ = {isa = PBXBuildFile; fileRef = 9E07BD5E29D3CE5300AE76F9 /* ContentView.swift */; };
		9E07BD6129D3CE5300AE76F9 /* Assets.xcassets in Resources */ = {isa = PBXBuildFile; fileRef = 9E07BD6029D3CE5300AE76F9 /* Assets.xcassets */; };
		9E07BD6529D3CE5300AE76F9 /* Preview Assets.xcassets in Resources */ = {isa = PBXBuildFile; fileRef = 9E07BD6429D3CE5300AE76F9 /* Preview Assets.xcassets */; };
		9E07BD6F29D3CE5300AE76F9 /* MarvelTests.swift in Sources */ = {isa = PBXBuildFile; fileRef = 9E07BD6E29D3CE5300AE76F9 /* MarvelTests.swift */; };
		9E07BD7929D3CE5300AE76F9 /* MarvelUITests.swift in Sources */ = {isa = PBXBuildFile; fileRef = 9E07BD7829D3CE5300AE76F9 /* MarvelUITests.swift */; };
		9E07BD7B29D3CE5300AE76F9 /* MarvelUITestsLaunchTests.swift in Sources */ = {isa = PBXBuildFile; fileRef = 9E07BD7A29D3CE5300AE76F9 /* MarvelUITestsLaunchTests.swift */; };
		9E07BD8929D3CE7C00AE76F9 /* ModelMarvel.swift in Sources */ = {isa = PBXBuildFile; fileRef = 9E07BD8829D3CE7C00AE76F9 /* ModelMarvel.swift */; };
		9E07BD8B29D3CF7E00AE76F9 /* StatusModel.swift in Sources */ = {isa = PBXBuildFile; fileRef = 9E07BD8A29D3CF7E00AE76F9 /* StatusModel.swift */; };
		9E07BD8E29D3D05500AE76F9 /* BaseNetwork.swift in Sources */ = {isa = PBXBuildFile; fileRef = 9E07BD8D29D3D05500AE76F9 /* BaseNetwork.swift */; };
		9E07BD8F29D3D20E00AE76F9 /* BaseNetwork.swift in Sources */ = {isa = PBXBuildFile; fileRef = 9E07BD8D29D3D05500AE76F9 /* BaseNetwork.swift */; };
		9E07BD9329D3D79C00AE76F9 /* LoaderView.swift in Sources */ = {isa = PBXBuildFile; fileRef = 9E07BD9229D3D79C00AE76F9 /* LoaderView.swift */; };
		9E07BD9529D3D7A800AE76F9 /* ErrorView.swift in Sources */ = {isa = PBXBuildFile; fileRef = 9E07BD9429D3D7A800AE76F9 /* ErrorView.swift */; };
		9E07BD9929D3D85C00AE76F9 /* viewModelMarvel.swift in Sources */ = {isa = PBXBuildFile; fileRef = 9E07BD9829D3D85C00AE76F9 /* viewModelMarvel.swift */; };
		9E07BD9B29D3DAE500AE76F9 /* MainView.swift in Sources */ = {isa = PBXBuildFile; fileRef = 9E07BD9A29D3DAE500AE76F9 /* MainView.swift */; };
		9E07BD9D29D3DC1500AE76F9 /* CharactersView.swift in Sources */ = {isa = PBXBuildFile; fileRef = 9E07BD9C29D3DC1500AE76F9 /* CharactersView.swift */; };
		9E07BD9F29D3DC9D00AE76F9 /* viewModelSeries.swift in Sources */ = {isa = PBXBuildFile; fileRef = 9E07BD9E29D3DC9D00AE76F9 /* viewModelSeries.swift */; };
		9E07BDA129D3E3FB00AE76F9 /* RootView.swift in Sources */ = {isa = PBXBuildFile; fileRef = 9E07BDA029D3E3FB00AE76F9 /* RootView.swift */; };
		9E43CD3229D4F30800D9069A /* CharactersRowView.swift in Sources */ = {isa = PBXBuildFile; fileRef = 9E43CD3129D4F30800D9069A /* CharactersRowView.swift */; };
		9E7A6F8029D63503002C7522 /* SeriesView.swift in Sources */ = {isa = PBXBuildFile; fileRef = 9E7A6F7F29D63503002C7522 /* SeriesView.swift */; };
		9E7A6F8429D63A5C002C7522 /* ListaSeriesView.swift in Sources */ = {isa = PBXBuildFile; fileRef = 9E7A6F8329D63A5C002C7522 /* ListaSeriesView.swift */; };
		9E8145F929D5188100098AC6 /* ModelSeries.swift in Sources */ = {isa = PBXBuildFile; fileRef = 9E8145F829D5188100098AC6 /* ModelSeries.swift */; };
/* End PBXBuildFile section */

/* Begin PBXContainerItemProxy section */
		9E07BD6B29D3CE5300AE76F9 /* PBXContainerItemProxy */ = {
			isa = PBXContainerItemProxy;
			containerPortal = 9E07BD5129D3CE5300AE76F9 /* Project object */;
			proxyType = 1;
			remoteGlobalIDString = 9E07BD5829D3CE5300AE76F9;
			remoteInfo = Marvel;
		};
		9E07BD7529D3CE5300AE76F9 /* PBXContainerItemProxy */ = {
			isa = PBXContainerItemProxy;
			containerPortal = 9E07BD5129D3CE5300AE76F9 /* Project object */;
			proxyType = 1;
			remoteGlobalIDString = 9E07BD5829D3CE5300AE76F9;
			remoteInfo = Marvel;
		};
/* End PBXContainerItemProxy section */

/* Begin PBXFileReference section */
		9E07BD5929D3CE5300AE76F9 /* Marvel.app */ = {isa = PBXFileReference; explicitFileType = wrapper.application; includeInIndex = 0; path = Marvel.app; sourceTree = BUILT_PRODUCTS_DIR; };
		9E07BD5C29D3CE5300AE76F9 /* MarvelApp.swift */ = {isa = PBXFileReference; lastKnownFileType = sourcecode.swift; path = MarvelApp.swift; sourceTree = "<group>"; };
		9E07BD5E29D3CE5300AE76F9 /* ContentView.swift */ = {isa = PBXFileReference; lastKnownFileType = sourcecode.swift; path = ContentView.swift; sourceTree = "<group>"; };
		9E07BD6029D3CE5300AE76F9 /* Assets.xcassets */ = {isa = PBXFileReference; lastKnownFileType = folder.assetcatalog; path = Assets.xcassets; sourceTree = "<group>"; };
		9E07BD6229D3CE5300AE76F9 /* Marvel.entitlements */ = {isa = PBXFileReference; lastKnownFileType = text.plist.entitlements; path = Marvel.entitlements; sourceTree = "<group>"; };
		9E07BD6429D3CE5300AE76F9 /* Preview Assets.xcassets */ = {isa = PBXFileReference; lastKnownFileType = folder.assetcatalog; path = "Preview Assets.xcassets"; sourceTree = "<group>"; };
		9E07BD6A29D3CE5300AE76F9 /* MarvelTests.xctest */ = {isa = PBXFileReference; explicitFileType = wrapper.cfbundle; includeInIndex = 0; path = MarvelTests.xctest; sourceTree = BUILT_PRODUCTS_DIR; };
		9E07BD6E29D3CE5300AE76F9 /* MarvelTests.swift */ = {isa = PBXFileReference; lastKnownFileType = sourcecode.swift; path = MarvelTests.swift; sourceTree = "<group>"; };
		9E07BD7429D3CE5300AE76F9 /* MarvelUITests.xctest */ = {isa = PBXFileReference; explicitFileType = wrapper.cfbundle; includeInIndex = 0; path = MarvelUITests.xctest; sourceTree = BUILT_PRODUCTS_DIR; };
		9E07BD7829D3CE5300AE76F9 /* MarvelUITests.swift */ = {isa = PBXFileReference; lastKnownFileType = sourcecode.swift; path = MarvelUITests.swift; sourceTree = "<group>"; };
		9E07BD7A29D3CE5300AE76F9 /* MarvelUITestsLaunchTests.swift */ = {isa = PBXFileReference; lastKnownFileType = sourcecode.swift; path = MarvelUITestsLaunchTests.swift; sourceTree = "<group>"; };
		9E07BD8829D3CE7C00AE76F9 /* ModelMarvel.swift */ = {isa = PBXFileReference; lastKnownFileType = sourcecode.swift; path = ModelMarvel.swift; sourceTree = "<group>"; };
		9E07BD8A29D3CF7E00AE76F9 /* StatusModel.swift */ = {isa = PBXFileReference; lastKnownFileType = sourcecode.swift; path = StatusModel.swift; sourceTree = "<group>"; };
		9E07BD8D29D3D05500AE76F9 /* BaseNetwork.swift */ = {isa = PBXFileReference; lastKnownFileType = sourcecode.swift; path = BaseNetwork.swift; sourceTree = "<group>"; };
		9E07BD9229D3D79C00AE76F9 /* LoaderView.swift */ = {isa = PBXFileReference; lastKnownFileType = sourcecode.swift; path = LoaderView.swift; sourceTree = "<group>"; };
		9E07BD9429D3D7A800AE76F9 /* ErrorView.swift */ = {isa = PBXFileReference; lastKnownFileType = sourcecode.swift; path = ErrorView.swift; sourceTree = "<group>"; };
		9E07BD9829D3D85C00AE76F9 /* viewModelMarvel.swift */ = {isa = PBXFileReference; lastKnownFileType = sourcecode.swift; path = viewModelMarvel.swift; sourceTree = "<group>"; };
		9E07BD9A29D3DAE500AE76F9 /* MainView.swift */ = {isa = PBXFileReference; lastKnownFileType = sourcecode.swift; path = MainView.swift; sourceTree = "<group>"; };
		9E07BD9C29D3DC1500AE76F9 /* CharactersView.swift */ = {isa = PBXFileReference; lastKnownFileType = sourcecode.swift; path = CharactersView.swift; sourceTree = "<group>"; };
		9E07BD9E29D3DC9D00AE76F9 /* viewModelSeries.swift */ = {isa = PBXFileReference; lastKnownFileType = sourcecode.swift; path = viewModelSeries.swift; sourceTree = "<group>"; };
		9E07BDA029D3E3FB00AE76F9 /* RootView.swift */ = {isa = PBXFileReference; lastKnownFileType = sourcecode.swift; path = RootView.swift; sourceTree = "<group>"; };
		9E43CD3129D4F30800D9069A /* CharactersRowView.swift */ = {isa = PBXFileReference; lastKnownFileType = sourcecode.swift; path = CharactersRowView.swift; sourceTree = "<group>"; };
		9E7A6F7F29D63503002C7522 /* SeriesView.swift */ = {isa = PBXFileReference; lastKnownFileType = sourcecode.swift; path = SeriesView.swift; sourceTree = "<group>"; };
		9E7A6F8329D63A5C002C7522 /* ListaSeriesView.swift */ = {isa = PBXFileReference; lastKnownFileType = sourcecode.swift; path = ListaSeriesView.swift; sourceTree = "<group>"; };
		9E8145F829D5188100098AC6 /* ModelSeries.swift */ = {isa = PBXFileReference; lastKnownFileType = sourcecode.swift; path = ModelSeries.swift; sourceTree = "<group>"; };
		9EA346BA29D5056200731547 /* Info.plist */ = {isa = PBXFileReference; lastKnownFileType = text.plist; path = Info.plist; sourceTree = "<group>"; };
/* End PBXFileReference section */

/* Begin PBXFrameworksBuildPhase section */
		9E07BD5629D3CE5300AE76F9 /* Frameworks */ = {
			isa = PBXFrameworksBuildPhase;
			buildActionMask = 2147483647;
			files = (
			);
			runOnlyForDeploymentPostprocessing = 0;
		};
		9E07BD6729D3CE5300AE76F9 /* Frameworks */ = {
			isa = PBXFrameworksBuildPhase;
			buildActionMask = 2147483647;
			files = (
			);
			runOnlyForDeploymentPostprocessing = 0;
		};
		9E07BD7129D3CE5300AE76F9 /* Frameworks */ = {
			isa = PBXFrameworksBuildPhase;
			buildActionMask = 2147483647;
			files = (
			);
			runOnlyForDeploymentPostprocessing = 0;
		};
/* End PBXFrameworksBuildPhase section */

/* Begin PBXGroup section */
		9E07BD5029D3CE5300AE76F9 = {
			isa = PBXGroup;
			children = (
				9E07BD5B29D3CE5300AE76F9 /* Marvel */,
				9E07BD6D29D3CE5300AE76F9 /* MarvelTests */,
				9E07BD7729D3CE5300AE76F9 /* MarvelUITests */,
				9E07BD5A29D3CE5300AE76F9 /* Products */,
			);
			sourceTree = "<group>";
		};
		9E07BD5A29D3CE5300AE76F9 /* Products */ = {
			isa = PBXGroup;
			children = (
				9E07BD5929D3CE5300AE76F9 /* Marvel.app */,
				9E07BD6A29D3CE5300AE76F9 /* MarvelTests.xctest */,
				9E07BD7429D3CE5300AE76F9 /* MarvelUITests.xctest */,
			);
			name = Products;
			sourceTree = "<group>";
		};
		9E07BD5B29D3CE5300AE76F9 /* Marvel */ = {
			isa = PBXGroup;
			children = (
				9EA346BA29D5056200731547 /* Info.plist */,
				9E07BD8729D3CE6C00AE76F9 /* Models */,
				9E07BD8C29D3D03000AE76F9 /* Services */,
				9E07BD9629D3D82E00AE76F9 /* ViewModels */,
				9E07BD9029D3D77A00AE76F9 /* Views */,
				9E07BD5C29D3CE5300AE76F9 /* MarvelApp.swift */,
				9E07BD5E29D3CE5300AE76F9 /* ContentView.swift */,
				9E07BD6029D3CE5300AE76F9 /* Assets.xcassets */,
				9E07BD6229D3CE5300AE76F9 /* Marvel.entitlements */,
				9E07BD6329D3CE5300AE76F9 /* Preview Content */,
			);
			path = Marvel;
			sourceTree = "<group>";
		};
		9E07BD6329D3CE5300AE76F9 /* Preview Content */ = {
			isa = PBXGroup;
			children = (
				9E07BD6429D3CE5300AE76F9 /* Preview Assets.xcassets */,
			);
			path = "Preview Content";
			sourceTree = "<group>";
		};
		9E07BD6D29D3CE5300AE76F9 /* MarvelTests */ = {
			isa = PBXGroup;
			children = (
				9E07BD6E29D3CE5300AE76F9 /* MarvelTests.swift */,
			);
			path = MarvelTests;
			sourceTree = "<group>";
		};
		9E07BD7729D3CE5300AE76F9 /* MarvelUITests */ = {
			isa = PBXGroup;
			children = (
				9E07BD7829D3CE5300AE76F9 /* MarvelUITests.swift */,
				9E07BD7A29D3CE5300AE76F9 /* MarvelUITestsLaunchTests.swift */,
			);
			path = MarvelUITests;
			sourceTree = "<group>";
		};
		9E07BD8729D3CE6C00AE76F9 /* Models */ = {
			isa = PBXGroup;
			children = (
				9E07BD8829D3CE7C00AE76F9 /* ModelMarvel.swift */,
				9E07BD8A29D3CF7E00AE76F9 /* StatusModel.swift */,
				9E8145F829D5188100098AC6 /* ModelSeries.swift */,
			);
			path = Models;
			sourceTree = "<group>";
		};
		9E07BD8C29D3D03000AE76F9 /* Services */ = {
			isa = PBXGroup;
			children = (
				9E07BD8D29D3D05500AE76F9 /* BaseNetwork.swift */,
			);
			path = Services;
			sourceTree = "<group>";
		};
		9E07BD9029D3D77A00AE76F9 /* Views */ = {
			isa = PBXGroup;
			children = (
				9E7A6F8129D639AD002C7522 /* Characters */,
				9E7A6F8229D639B7002C7522 /* Series */,
				9E07BD9129D3D78500AE76F9 /* Tools */,
				9E07BD9A29D3DAE500AE76F9 /* MainView.swift */,
				9E07BDA029D3E3FB00AE76F9 /* RootView.swift */,
			);
			path = Views;
			sourceTree = "<group>";
		};
		9E07BD9129D3D78500AE76F9 /* Tools */ = {
			isa = PBXGroup;
			children = (
				9E07BD9229D3D79C00AE76F9 /* LoaderView.swift */,
				9E07BD9429D3D7A800AE76F9 /* ErrorView.swift */,
			);
			path = Tools;
			sourceTree = "<group>";
		};
		9E07BD9629D3D82E00AE76F9 /* ViewModels */ = {
			isa = PBXGroup;
			children = (
				9E07BD9E29D3DC9D00AE76F9 /* viewModelSeries.swift */,
				9E07BD9829D3D85C00AE76F9 /* viewModelMarvel.swift */,
			);
			path = ViewModels;
			sourceTree = "<group>";
		};
		9E7A6F8129D639AD002C7522 /* Characters */ = {
			isa = PBXGroup;
			children = (
				9E07BD9C29D3DC1500AE76F9 /* CharactersView.swift */,
				9E43CD3129D4F30800D9069A /* CharactersRowView.swift */,
			);
			path = Characters;
			sourceTree = "<group>";
		};
		9E7A6F8229D639B7002C7522 /* Series */ = {
			isa = PBXGroup;
			children = (
				9E7A6F7F29D63503002C7522 /* SeriesView.swift */,
				9E7A6F8329D63A5C002C7522 /* ListaSeriesView.swift */,
			);
			path = Series;
			sourceTree = "<group>";
		};
/* End PBXGroup section */

/* Begin PBXNativeTarget section */
		9E07BD5829D3CE5300AE76F9 /* Marvel */ = {
			isa = PBXNativeTarget;
			buildConfigurationList = 9E07BD7E29D3CE5300AE76F9 /* Build configuration list for PBXNativeTarget "Marvel" */;
			buildPhases = (
				9E07BD5529D3CE5300AE76F9 /* Sources */,
				9E07BD5629D3CE5300AE76F9 /* Frameworks */,
				9E07BD5729D3CE5300AE76F9 /* Resources */,
			);
			buildRules = (
			);
			dependencies = (
			);
			name = Marvel;
			productName = Marvel;
			productReference = 9E07BD5929D3CE5300AE76F9 /* Marvel.app */;
			productType = "com.apple.product-type.application";
		};
		9E07BD6929D3CE5300AE76F9 /* MarvelTests */ = {
			isa = PBXNativeTarget;
			buildConfigurationList = 9E07BD8129D3CE5300AE76F9 /* Build configuration list for PBXNativeTarget "MarvelTests" */;
			buildPhases = (
				9E07BD6629D3CE5300AE76F9 /* Sources */,
				9E07BD6729D3CE5300AE76F9 /* Frameworks */,
				9E07BD6829D3CE5300AE76F9 /* Resources */,
			);
			buildRules = (
			);
			dependencies = (
				9E07BD6C29D3CE5300AE76F9 /* PBXTargetDependency */,
			);
			name = MarvelTests;
			productName = MarvelTests;
			productReference = 9E07BD6A29D3CE5300AE76F9 /* MarvelTests.xctest */;
			productType = "com.apple.product-type.bundle.unit-test";
		};
		9E07BD7329D3CE5300AE76F9 /* MarvelUITests */ = {
			isa = PBXNativeTarget;
			buildConfigurationList = 9E07BD8429D3CE5300AE76F9 /* Build configuration list for PBXNativeTarget "MarvelUITests" */;
			buildPhases = (
				9E07BD7029D3CE5300AE76F9 /* Sources */,
				9E07BD7129D3CE5300AE76F9 /* Frameworks */,
				9E07BD7229D3CE5300AE76F9 /* Resources */,
			);
			buildRules = (
			);
			dependencies = (
				9E07BD7629D3CE5300AE76F9 /* PBXTargetDependency */,
			);
			name = MarvelUITests;
			productName = MarvelUITests;
			productReference = 9E07BD7429D3CE5300AE76F9 /* MarvelUITests.xctest */;
			productType = "com.apple.product-type.bundle.ui-testing";
		};
/* End PBXNativeTarget section */

/* Begin PBXProject section */
		9E07BD5129D3CE5300AE76F9 /* Project object */ = {
			isa = PBXProject;
			attributes = {
				BuildIndependentTargetsInParallel = 1;
				LastSwiftUpdateCheck = 1420;
				LastUpgradeCheck = 1420;
				TargetAttributes = {
					9E07BD5829D3CE5300AE76F9 = {
						CreatedOnToolsVersion = 14.2;
					};
					9E07BD6929D3CE5300AE76F9 = {
						CreatedOnToolsVersion = 14.2;
						TestTargetID = 9E07BD5829D3CE5300AE76F9;
					};
					9E07BD7329D3CE5300AE76F9 = {
						CreatedOnToolsVersion = 14.2;
						TestTargetID = 9E07BD5829D3CE5300AE76F9;
					};
				};
			};
			buildConfigurationList = 9E07BD5429D3CE5300AE76F9 /* Build configuration list for PBXProject "Marvel" */;
			compatibilityVersion = "Xcode 14.0";
			developmentRegion = en;
			hasScannedForEncodings = 0;
			knownRegions = (
				en,
				Base,
			);
			mainGroup = 9E07BD5029D3CE5300AE76F9;
			productRefGroup = 9E07BD5A29D3CE5300AE76F9 /* Products */;
			projectDirPath = "";
			projectRoot = "";
			targets = (
				9E07BD5829D3CE5300AE76F9 /* Marvel */,
				9E07BD6929D3CE5300AE76F9 /* MarvelTests */,
				9E07BD7329D3CE5300AE76F9 /* MarvelUITests */,
			);
		};
/* End PBXProject section */

/* Begin PBXResourcesBuildPhase section */
		9E07BD5729D3CE5300AE76F9 /* Resources */ = {
			isa = PBXResourcesBuildPhase;
			buildActionMask = 2147483647;
			files = (
				9E07BD6529D3CE5300AE76F9 /* Preview Assets.xcassets in Resources */,
				9E07BD6129D3CE5300AE76F9 /* Assets.xcassets in Resources */,
			);
			runOnlyForDeploymentPostprocessing = 0;
		};
		9E07BD6829D3CE5300AE76F9 /* Resources */ = {
			isa = PBXResourcesBuildPhase;
			buildActionMask = 2147483647;
			files = (
			);
			runOnlyForDeploymentPostprocessing = 0;
		};
		9E07BD7229D3CE5300AE76F9 /* Resources */ = {
			isa = PBXResourcesBuildPhase;
			buildActionMask = 2147483647;
			files = (
			);
			runOnlyForDeploymentPostprocessing = 0;
		};
/* End PBXResourcesBuildPhase section */

/* Begin PBXSourcesBuildPhase section */
		9E07BD5529D3CE5300AE76F9 /* Sources */ = {
			isa = PBXSourcesBuildPhase;
			buildActionMask = 2147483647;
			files = (
				9E07BD5F29D3CE5300AE76F9 /* ContentView.swift in Sources */,
				9E43CD3229D4F30800D9069A /* CharactersRowView.swift in Sources */,
				9E07BD9B29D3DAE500AE76F9 /* MainView.swift in Sources */,
				9E7A6F8429D63A5C002C7522 /* ListaSeriesView.swift in Sources */,
				9E07BD8B29D3CF7E00AE76F9 /* StatusModel.swift in Sources */,
				9E07BD8929D3CE7C00AE76F9 /* ModelMarvel.swift in Sources */,
				9E07BD5D29D3CE5300AE76F9 /* MarvelApp.swift in Sources */,
				9E07BD9529D3D7A800AE76F9 /* ErrorView.swift in Sources */,
				9E07BD9D29D3DC1500AE76F9 /* CharactersView.swift in Sources */,
				9E07BD8E29D3D05500AE76F9 /* BaseNetwork.swift in Sources */,
				9E07BDA129D3E3FB00AE76F9 /* RootView.swift in Sources */,
				9E07BD9F29D3DC9D00AE76F9 /* viewModelSeries.swift in Sources */,
				9E07BD9929D3D85C00AE76F9 /* viewModelMarvel.swift in Sources */,
				9E8145F929D5188100098AC6 /* ModelSeries.swift in Sources */,
				9E07BD9329D3D79C00AE76F9 /* LoaderView.swift in Sources */,
				9E7A6F8029D63503002C7522 /* SeriesView.swift in Sources */,
			);
			runOnlyForDeploymentPostprocessing = 0;
		};
		9E07BD6629D3CE5300AE76F9 /* Sources */ = {
			isa = PBXSourcesBuildPhase;
			buildActionMask = 2147483647;
			files = (
				9E07BD6F29D3CE5300AE76F9 /* MarvelTests.swift in Sources */,
				9E07BD8F29D3D20E00AE76F9 /* BaseNetwork.swift in Sources */,
			);
			runOnlyForDeploymentPostprocessing = 0;
		};
		9E07BD7029D3CE5300AE76F9 /* Sources */ = {
			isa = PBXSourcesBuildPhase;
			buildActionMask = 2147483647;
			files = (
				9E07BD7929D3CE5300AE76F9 /* MarvelUITests.swift in Sources */,
				9E07BD7B29D3CE5300AE76F9 /* MarvelUITestsLaunchTests.swift in Sources */,
			);
			runOnlyForDeploymentPostprocessing = 0;
		};
/* End PBXSourcesBuildPhase section */

/* Begin PBXTargetDependency section */
		9E07BD6C29D3CE5300AE76F9 /* PBXTargetDependency */ = {
			isa = PBXTargetDependency;
			target = 9E07BD5829D3CE5300AE76F9 /* Marvel */;
			targetProxy = 9E07BD6B29D3CE5300AE76F9 /* PBXContainerItemProxy */;
		};
		9E07BD7629D3CE5300AE76F9 /* PBXTargetDependency */ = {
			isa = PBXTargetDependency;
			target = 9E07BD5829D3CE5300AE76F9 /* Marvel */;
			targetProxy = 9E07BD7529D3CE5300AE76F9 /* PBXContainerItemProxy */;
		};
/* End PBXTargetDependency section */

/* Begin XCBuildConfiguration section */
		9E07BD7C29D3CE5300AE76F9 /* Debug */ = {
			isa = XCBuildConfiguration;
			buildSettings = {
				ALWAYS_SEARCH_USER_PATHS = NO;
				CLANG_ANALYZER_NONNULL = YES;
				CLANG_ANALYZER_NUMBER_OBJECT_CONVERSION = YES_AGGRESSIVE;
				CLANG_CXX_LANGUAGE_STANDARD = "gnu++20";
				CLANG_ENABLE_MODULES = YES;
				CLANG_ENABLE_OBJC_ARC = YES;
				CLANG_ENABLE_OBJC_WEAK = YES;
				CLANG_WARN_BLOCK_CAPTURE_AUTORELEASING = YES;
				CLANG_WARN_BOOL_CONVERSION = YES;
				CLANG_WARN_COMMA = YES;
				CLANG_WARN_CONSTANT_CONVERSION = YES;
				CLANG_WARN_DEPRECATED_OBJC_IMPLEMENTATIONS = YES;
				CLANG_WARN_DIRECT_OBJC_ISA_USAGE = YES_ERROR;
				CLANG_WARN_DOCUMENTATION_COMMENTS = YES;
				CLANG_WARN_EMPTY_BODY = YES;
				CLANG_WARN_ENUM_CONVERSION = YES;
				CLANG_WARN_INFINITE_RECURSION = YES;
				CLANG_WARN_INT_CONVERSION = YES;
				CLANG_WARN_NON_LITERAL_NULL_CONVERSION = YES;
				CLANG_WARN_OBJC_IMPLICIT_RETAIN_SELF = YES;
				CLANG_WARN_OBJC_LITERAL_CONVERSION = YES;
				CLANG_WARN_OBJC_ROOT_CLASS = YES_ERROR;
				CLANG_WARN_QUOTED_INCLUDE_IN_FRAMEWORK_HEADER = YES;
				CLANG_WARN_RANGE_LOOP_ANALYSIS = YES;
				CLANG_WARN_STRICT_PROTOTYPES = YES;
				CLANG_WARN_SUSPICIOUS_MOVE = YES;
				CLANG_WARN_UNGUARDED_AVAILABILITY = YES_AGGRESSIVE;
				CLANG_WARN_UNREACHABLE_CODE = YES;
				CLANG_WARN__DUPLICATE_METHOD_MATCH = YES;
				COPY_PHASE_STRIP = NO;
				DEBUG_INFORMATION_FORMAT = dwarf;
				ENABLE_STRICT_OBJC_MSGSEND = YES;
				ENABLE_TESTABILITY = YES;
				GCC_C_LANGUAGE_STANDARD = gnu11;
				GCC_DYNAMIC_NO_PIC = NO;
				GCC_NO_COMMON_BLOCKS = YES;
				GCC_OPTIMIZATION_LEVEL = 0;
				GCC_PREPROCESSOR_DEFINITIONS = (
					"DEBUG=1",
					"$(inherited)",
				);
				GCC_WARN_64_TO_32_BIT_CONVERSION = YES;
				GCC_WARN_ABOUT_RETURN_TYPE = YES_ERROR;
				GCC_WARN_UNDECLARED_SELECTOR = YES;
				GCC_WARN_UNINITIALIZED_AUTOS = YES_AGGRESSIVE;
				GCC_WARN_UNUSED_FUNCTION = YES;
				GCC_WARN_UNUSED_VARIABLE = YES;
				MTL_ENABLE_DEBUG_INFO = INCLUDE_SOURCE;
				MTL_FAST_MATH = YES;
				ONLY_ACTIVE_ARCH = YES;
				SWIFT_ACTIVE_COMPILATION_CONDITIONS = DEBUG;
				SWIFT_OPTIMIZATION_LEVEL = "-Onone";
			};
			name = Debug;
		};
		9E07BD7D29D3CE5300AE76F9 /* Release */ = {
			isa = XCBuildConfiguration;
			buildSettings = {
				ALWAYS_SEARCH_USER_PATHS = NO;
				CLANG_ANALYZER_NONNULL = YES;
				CLANG_ANALYZER_NUMBER_OBJECT_CONVERSION = YES_AGGRESSIVE;
				CLANG_CXX_LANGUAGE_STANDARD = "gnu++20";
				CLANG_ENABLE_MODULES = YES;
				CLANG_ENABLE_OBJC_ARC = YES;
				CLANG_ENABLE_OBJC_WEAK = YES;
				CLANG_WARN_BLOCK_CAPTURE_AUTORELEASING = YES;
				CLANG_WARN_BOOL_CONVERSION = YES;
				CLANG_WARN_COMMA = YES;
				CLANG_WARN_CONSTANT_CONVERSION = YES;
				CLANG_WARN_DEPRECATED_OBJC_IMPLEMENTATIONS = YES;
				CLANG_WARN_DIRECT_OBJC_ISA_USAGE = YES_ERROR;
				CLANG_WARN_DOCUMENTATION_COMMENTS = YES;
				CLANG_WARN_EMPTY_BODY = YES;
				CLANG_WARN_ENUM_CONVERSION = YES;
				CLANG_WARN_INFINITE_RECURSION = YES;
				CLANG_WARN_INT_CONVERSION = YES;
				CLANG_WARN_NON_LITERAL_NULL_CONVERSION = YES;
				CLANG_WARN_OBJC_IMPLICIT_RETAIN_SELF = YES;
				CLANG_WARN_OBJC_LITERAL_CONVERSION = YES;
				CLANG_WARN_OBJC_ROOT_CLASS = YES_ERROR;
				CLANG_WARN_QUOTED_INCLUDE_IN_FRAMEWORK_HEADER = YES;
				CLANG_WARN_RANGE_LOOP_ANALYSIS = YES;
				CLANG_WARN_STRICT_PROTOTYPES = YES;
				CLANG_WARN_SUSPICIOUS_MOVE = YES;
				CLANG_WARN_UNGUARDED_AVAILABILITY = YES_AGGRESSIVE;
				CLANG_WARN_UNREACHABLE_CODE = YES;
				CLANG_WARN__DUPLICATE_METHOD_MATCH = YES;
				COPY_PHASE_STRIP = NO;
				DEBUG_INFORMATION_FORMAT = "dwarf-with-dsym";
				ENABLE_NS_ASSERTIONS = NO;
				ENABLE_STRICT_OBJC_MSGSEND = YES;
				GCC_C_LANGUAGE_STANDARD = gnu11;
				GCC_NO_COMMON_BLOCKS = YES;
				GCC_WARN_64_TO_32_BIT_CONVERSION = YES;
				GCC_WARN_ABOUT_RETURN_TYPE = YES_ERROR;
				GCC_WARN_UNDECLARED_SELECTOR = YES;
				GCC_WARN_UNINITIALIZED_AUTOS = YES_AGGRESSIVE;
				GCC_WARN_UNUSED_FUNCTION = YES;
				GCC_WARN_UNUSED_VARIABLE = YES;
				MTL_ENABLE_DEBUG_INFO = NO;
				MTL_FAST_MATH = YES;
				SWIFT_COMPILATION_MODE = wholemodule;
				SWIFT_OPTIMIZATION_LEVEL = "-O";
			};
			name = Release;
		};
		9E07BD7F29D3CE5300AE76F9 /* Debug */ = {
			isa = XCBuildConfiguration;
			buildSettings = {
				ASSETCATALOG_COMPILER_APPICON_NAME = AppIcon;
				ASSETCATALOG_COMPILER_GLOBAL_ACCENT_COLOR_NAME = AccentColor;
				CODE_SIGN_ENTITLEMENTS = Marvel/Marvel.entitlements;
				CODE_SIGN_STYLE = Automatic;
				CURRENT_PROJECT_VERSION = 1;
				DEVELOPMENT_ASSET_PATHS = "\"Marvel/Preview Content\"";
				DEVELOPMENT_TEAM = 9U445GJGD6;
				ENABLE_HARDENED_RUNTIME = YES;
				ENABLE_PREVIEWS = YES;
				GENERATE_INFOPLIST_FILE = YES;
				INFOPLIST_FILE = Marvel/Info.plist;
				"INFOPLIST_KEY_UIApplicationSceneManifest_Generation[sdk=iphoneos*]" = YES;
				"INFOPLIST_KEY_UIApplicationSceneManifest_Generation[sdk=iphonesimulator*]" = YES;
				"INFOPLIST_KEY_UIApplicationSupportsIndirectInputEvents[sdk=iphoneos*]" = YES;
				"INFOPLIST_KEY_UIApplicationSupportsIndirectInputEvents[sdk=iphonesimulator*]" = YES;
				"INFOPLIST_KEY_UILaunchScreen_Generation[sdk=iphoneos*]" = YES;
				"INFOPLIST_KEY_UILaunchScreen_Generation[sdk=iphonesimulator*]" = YES;
				"INFOPLIST_KEY_UIStatusBarStyle[sdk=iphoneos*]" = UIStatusBarStyleDefault;
				"INFOPLIST_KEY_UIStatusBarStyle[sdk=iphonesimulator*]" = UIStatusBarStyleDefault;
				INFOPLIST_KEY_UISupportedInterfaceOrientations_iPad = "UIInterfaceOrientationPortrait UIInterfaceOrientationPortraitUpsideDown UIInterfaceOrientationLandscapeLeft UIInterfaceOrientationLandscapeRight";
				INFOPLIST_KEY_UISupportedInterfaceOrientations_iPhone = "UIInterfaceOrientationPortrait UIInterfaceOrientationLandscapeLeft UIInterfaceOrientationLandscapeRight";
				IPHONEOS_DEPLOYMENT_TARGET = 16.2;
				LD_RUNPATH_SEARCH_PATHS = "@executable_path/Frameworks";
				"LD_RUNPATH_SEARCH_PATHS[sdk=macosx*]" = "@executable_path/../Frameworks";
				MACOSX_DEPLOYMENT_TARGET = 13.1;
				MARKETING_VERSION = 1.0;
				PRODUCT_BUNDLE_IDENTIFIER = "Gerardo-Paxtian.Marvel";
				PRODUCT_NAME = "$(TARGET_NAME)";
				SDKROOT = auto;
				SUPPORTED_PLATFORMS = "iphoneos iphonesimulator macosx";
				SWIFT_EMIT_LOC_STRINGS = YES;
				SWIFT_VERSION = 5.0;
				TARGETED_DEVICE_FAMILY = "1,2";
			};
			name = Debug;
		};
		9E07BD8029D3CE5300AE76F9 /* Release */ = {
			isa = XCBuildConfiguration;
			buildSettings = {
				ASSETCATALOG_COMPILER_APPICON_NAME = AppIcon;
				ASSETCATALOG_COMPILER_GLOBAL_ACCENT_COLOR_NAME = AccentColor;
				CODE_SIGN_ENTITLEMENTS = Marvel/Marvel.entitlements;
				CODE_SIGN_STYLE = Automatic;
				CURRENT_PROJECT_VERSION = 1;
				DEVELOPMENT_ASSET_PATHS = "\"Marvel/Preview Content\"";
				DEVELOPMENT_TEAM = 9U445GJGD6;
				ENABLE_HARDENED_RUNTIME = YES;
				ENABLE_PREVIEWS = YES;
				GENERATE_INFOPLIST_FILE = YES;
				INFOPLIST_FILE = Marvel/Info.plist;
				"INFOPLIST_KEY_UIApplicationSceneManifest_Generation[sdk=iphoneos*]" = YES;
				"INFOPLIST_KEY_UIApplicationSceneManifest_Generation[sdk=iphonesimulator*]" = YES;
				"INFOPLIST_KEY_UIApplicationSupportsIndirectInputEvents[sdk=iphoneos*]" = YES;
				"INFOPLIST_KEY_UIApplicationSupportsIndirectInputEvents[sdk=iphonesimulator*]" = YES;
				"INFOPLIST_KEY_UILaunchScreen_Generation[sdk=iphoneos*]" = YES;
				"INFOPLIST_KEY_UILaunchScreen_Generation[sdk=iphonesimulator*]" = YES;
				"INFOPLIST_KEY_UIStatusBarStyle[sdk=iphoneos*]" = UIStatusBarStyleDefault;
				"INFOPLIST_KEY_UIStatusBarStyle[sdk=iphonesimulator*]" = UIStatusBarStyleDefault;
				INFOPLIST_KEY_UISupportedInterfaceOrientations_iPad = "UIInterfaceOrientationPortrait UIInterfaceOrientationPortraitUpsideDown UIInterfaceOrientationLandscapeLeft UIInterfaceOrientationLandscapeRight";
				INFOPLIST_KEY_UISupportedInterfaceOrientations_iPhone = "UIInterfaceOrientationPortrait UIInterfaceOrientationLandscapeLeft UIInterfaceOrientationLandscapeRight";
				IPHONEOS_DEPLOYMENT_TARGET = 16.2;
				LD_RUNPATH_SEARCH_PATHS = "@executable_path/Frameworks";
				"LD_RUNPATH_SEARCH_PATHS[sdk=macosx*]" = "@executable_path/../Frameworks";
				MACOSX_DEPLOYMENT_TARGET = 13.1;
				MARKETING_VERSION = 1.0;
				PRODUCT_BUNDLE_IDENTIFIER = "Gerardo-Paxtian.Marvel";
				PRODUCT_NAME = "$(TARGET_NAME)";
				SDKROOT = auto;
				SUPPORTED_PLATFORMS = "iphoneos iphonesimulator macosx";
				SWIFT_EMIT_LOC_STRINGS = YES;
				SWIFT_VERSION = 5.0;
				TARGETED_DEVICE_FAMILY = "1,2";
			};
			name = Release;
		};
		9E07BD8229D3CE5300AE76F9 /* Debug */ = {
			isa = XCBuildConfiguration;
			buildSettings = {
				ALWAYS_EMBED_SWIFT_STANDARD_LIBRARIES = YES;
				BUNDLE_LOADER = "$(TEST_HOST)";
				CODE_SIGN_STYLE = Automatic;
				CURRENT_PROJECT_VERSION = 1;
				DEVELOPMENT_TEAM = 9U445GJGD6;
				GENERATE_INFOPLIST_FILE = YES;
				IPHONEOS_DEPLOYMENT_TARGET = 16.2;
				MACOSX_DEPLOYMENT_TARGET = 13.1;
				MARKETING_VERSION = 1.0;
				PRODUCT_BUNDLE_IDENTIFIER = "Gerardo-Paxtian.MarvelTests";
				PRODUCT_NAME = "$(TARGET_NAME)";
				SDKROOT = auto;
				SUPPORTED_PLATFORMS = "iphoneos iphonesimulator macosx";
				SWIFT_EMIT_LOC_STRINGS = NO;
				SWIFT_VERSION = 5.0;
				TARGETED_DEVICE_FAMILY = "1,2";
				TEST_HOST = "$(BUILT_PRODUCTS_DIR)/Marvel.app/$(BUNDLE_EXECUTABLE_FOLDER_PATH)/Marvel";
			};
			name = Debug;
		};
		9E07BD8329D3CE5300AE76F9 /* Release */ = {
			isa = XCBuildConfiguration;
			buildSettings = {
				ALWAYS_EMBED_SWIFT_STANDARD_LIBRARIES = YES;
				BUNDLE_LOADER = "$(TEST_HOST)";
				CODE_SIGN_STYLE = Automatic;
				CURRENT_PROJECT_VERSION = 1;
				DEVELOPMENT_TEAM = 9U445GJGD6;
				GENERATE_INFOPLIST_FILE = YES;
				IPHONEOS_DEPLOYMENT_TARGET = 16.2;
				MACOSX_DEPLOYMENT_TARGET = 13.1;
				MARKETING_VERSION = 1.0;
				PRODUCT_BUNDLE_IDENTIFIER = "Gerardo-Paxtian.MarvelTests";
				PRODUCT_NAME = "$(TARGET_NAME)";
				SDKROOT = auto;
				SUPPORTED_PLATFORMS = "iphoneos iphonesimulator macosx";
				SWIFT_EMIT_LOC_STRINGS = NO;
				SWIFT_VERSION = 5.0;
				TARGETED_DEVICE_FAMILY = "1,2";
				TEST_HOST = "$(BUILT_PRODUCTS_DIR)/Marvel.app/$(BUNDLE_EXECUTABLE_FOLDER_PATH)/Marvel";
			};
			name = Release;
		};
		9E07BD8529D3CE5300AE76F9 /* Debug */ = {
			isa = XCBuildConfiguration;
			buildSettings = {
				ALWAYS_EMBED_SWIFT_STANDARD_LIBRARIES = YES;
				CODE_SIGN_STYLE = Automatic;
				CURRENT_PROJECT_VERSION = 1;
				DEVELOPMENT_TEAM = 9U445GJGD6;
				GENERATE_INFOPLIST_FILE = YES;
				IPHONEOS_DEPLOYMENT_TARGET = 16.2;
				MACOSX_DEPLOYMENT_TARGET = 13.1;
				MARKETING_VERSION = 1.0;
				PRODUCT_BUNDLE_IDENTIFIER = "Gerardo-Paxtian.MarvelUITests";
				PRODUCT_NAME = "$(TARGET_NAME)";
				SDKROOT = auto;
				SUPPORTED_PLATFORMS = "iphoneos iphonesimulator macosx";
				SWIFT_EMIT_LOC_STRINGS = NO;
				SWIFT_VERSION = 5.0;
				TARGETED_DEVICE_FAMILY = "1,2";
				TEST_TARGET_NAME = Marvel;
			};
			name = Debug;
		};
		9E07BD8629D3CE5300AE76F9 /* Release */ = {
			isa = XCBuildConfiguration;
			buildSettings = {
				ALWAYS_EMBED_SWIFT_STANDARD_LIBRARIES = YES;
				CODE_SIGN_STYLE = Automatic;
				CURRENT_PROJECT_VERSION = 1;
				DEVELOPMENT_TEAM = 9U445GJGD6;
				GENERATE_INFOPLIST_FILE = YES;
				IPHONEOS_DEPLOYMENT_TARGET = 16.2;
				MACOSX_DEPLOYMENT_TARGET = 13.1;
				MARKETING_VERSION = 1.0;
				PRODUCT_BUNDLE_IDENTIFIER = "Gerardo-Paxtian.MarvelUITests";
				PRODUCT_NAME = "$(TARGET_NAME)";
				SDKROOT = auto;
				SUPPORTED_PLATFORMS = "iphoneos iphonesimulator macosx";
				SWIFT_EMIT_LOC_STRINGS = NO;
				SWIFT_VERSION = 5.0;
				TARGETED_DEVICE_FAMILY = "1,2";
				TEST_TARGET_NAME = Marvel;
			};
			name = Release;
		};
/* End XCBuildConfiguration section */

/* Begin XCConfigurationList section */
		9E07BD5429D3CE5300AE76F9 /* Build configuration list for PBXProject "Marvel" */ = {
			isa = XCConfigurationList;
			buildConfigurations = (
				9E07BD7C29D3CE5300AE76F9 /* Debug */,
				9E07BD7D29D3CE5300AE76F9 /* Release */,
			);
			defaultConfigurationIsVisible = 0;
			defaultConfigurationName = Release;
		};
		9E07BD7E29D3CE5300AE76F9 /* Build configuration list for PBXNativeTarget "Marvel" */ = {
			isa = XCConfigurationList;
			buildConfigurations = (
				9E07BD7F29D3CE5300AE76F9 /* Debug */,
				9E07BD8029D3CE5300AE76F9 /* Release */,
			);
			defaultConfigurationIsVisible = 0;
			defaultConfigurationName = Release;
		};
		9E07BD8129D3CE5300AE76F9 /* Build configuration list for PBXNativeTarget "MarvelTests" */ = {
			isa = XCConfigurationList;
			buildConfigurations = (
				9E07BD8229D3CE5300AE76F9 /* Debug */,
				9E07BD8329D3CE5300AE76F9 /* Release */,
			);
			defaultConfigurationIsVisible = 0;
			defaultConfigurationName = Release;
		};
		9E07BD8429D3CE5300AE76F9 /* Build configuration list for PBXNativeTarget "MarvelUITests" */ = {
			isa = XCConfigurationList;
			buildConfigurations = (
				9E07BD8529D3CE5300AE76F9 /* Debug */,
				9E07BD8629D3CE5300AE76F9 /* Release */,
			);
			defaultConfigurationIsVisible = 0;
			defaultConfigurationName = Release;
		};
/* End XCConfigurationList section */
	};
	rootObject = 9E07BD5129D3CE5300AE76F9 /* Project object */;
}
